
Microsoft Visual Studio Solution File, Format Version 12.00
# Visual Studio Version 16
VisualStudioVersion = 16.0.30611.23
MinimumVisualStudioVersion = 10.0.40219.1
Project("{FAE04EC0-301F-11D3-BF4B-00C04F79EFBC}") = "ELDNET", "ELDNET\ELDNET.csproj", "{703D37E7-F195-43A8-B5FF-9F04A9F854C0}"
EndProject
Global
	GlobalSection(SolutionConfigurationPlatforms) = preSolution
		Debug|Any CPU = Debug|Any CPU
		Release|Any CPU = Release|Any CPU
	EndGlobalSection
	GlobalSection(ProjectConfigurationPlatforms) = postSolution
		{703D37E7-F195-43A8-B5FF-9F04A9F854C0}.Debug|Any CPU.ActiveCfg = Debug|Any CPU
		{703D37E7-F195-43A8-B5FF-9F04A9F854C0}.Debug|Any CPU.Build.0 = Debug|Any CPU
		{703D37E7-F195-43A8-B5FF-9F04A9F854C0}.Release|Any CPU.ActiveCfg = Release|Any CPU
		{703D37E7-F195-43A8-B5FF-9F04A9F854C0}.Release|Any CPU.Build.0 = Release|Any CPU
	EndGlobalSection
	GlobalSection(SolutionProperties) = preSolution
		HideSolutionNode = FALSE
	EndGlobalSection
	GlobalSection(ExtensibilityGlobals) = postSolution
		SolutionGuid = {CF8F07B4-B5CD-4724-ACE4-C0A8F9C9F614}
	EndGlobalSection
EndGlobal
